
Microsoft Visual Studio Solution File, Format Version 12.00
# Visual Studio Version 17
VisualStudioVersion = 17.5.33627.172
MinimumVisualStudioVersion = 10.0.40219.1
Project("{8BC9CEB8-8B4A-11D0-8D11-00A0C91BC942}") = "UPpr_24-25_fn3MI0600518_KPn8", "UPpr_24-25_fn3MI0600518_KPn8\UPpr_24-25_fn3MI0600518_KPn8.vcxproj", "{436FF067-460E-4218-ABB5-2E03FB5D21E6}"
EndProject
Global
	GlobalSection(SolutionConfigurationPlatforms) = preSolution
		Debug|x64 = Debug|x64
		Debug|x86 = Debug|x86
		Release|x64 = Release|x64
		Release|x86 = Release|x86
	EndGlobalSection
	GlobalSection(ProjectConfigurationPlatforms) = postSolution
		{436FF067-460E-4218-ABB5-2E03FB5D21E6}.Debug|x64.ActiveCfg = Debug|x64
		{436FF067-460E-4218-ABB5-2E03FB5D21E6}.Debug|x64.Build.0 = Debug|x64
		{436FF067-460E-4218-ABB5-2E03FB5D21E6}.Debug|x86.ActiveCfg = Debug|Win32
		{436FF067-460E-4218-ABB5-2E03FB5D21E6}.Debug|x86.Build.0 = Debug|Win32
		{436FF067-460E-4218-ABB5-2E03FB5D21E6}.Release|x64.ActiveCfg = Release|x64
		{436FF067-460E-4218-ABB5-2E03FB5D21E6}.Release|x64.Build.0 = Release|x64
		{436FF067-460E-4218-ABB5-2E03FB5D21E6}.Release|x86.ActiveCfg = Release|Win32
		{436FF067-460E-4218-ABB5-2E03FB5D21E6}.Release|x86.Build.0 = Release|Win32
	EndGlobalSection
	GlobalSection(SolutionProperties) = preSolution
		HideSolutionNode = FALSE
	EndGlobalSection
	GlobalSection(ExtensibilityGlobals) = postSolution
		SolutionGuid = {65D49399-7FA9-4A73-80E5-BDD833002E08}
	EndGlobalSection
EndGlobal
